
Microsoft Visual Studio Solution File, Format Version 12.00
# Visual Studio Version 17
VisualStudioVersion = 17.10.35122.118
MinimumVisualStudioVersion = 10.0.40219.1
Project("{FAE04EC0-301F-11D3-BF4B-00C04F79EFBC}") = "E_Tickets", "E_Tickets.csproj", "{56FCD02F-3EBB-459A-9E72-BA50E6346617}"
EndProject
Global
	GlobalSection(SolutionConfigurationPlatforms) = preSolution
		Debug|Any CPU = Debug|Any CPU
		Release|Any CPU = Release|Any CPU
	EndGlobalSection
	GlobalSection(ProjectConfigurationPlatforms) = postSolution
		{56FCD02F-3EBB-459A-9E72-BA50E6346617}.Debug|Any CPU.ActiveCfg = Debug|Any CPU
		{56FCD02F-3EBB-459A-9E72-BA50E6346617}.Debug|Any CPU.Build.0 = Debug|Any CPU
		{56FCD02F-3EBB-459A-9E72-BA50E6346617}.Release|Any CPU.ActiveCfg = Release|Any CPU
		{56FCD02F-3EBB-459A-9E72-BA50E6346617}.Release|Any CPU.Build.0 = Release|Any CPU
	EndGlobalSection
	GlobalSection(SolutionProperties) = preSolution
		HideSolutionNode = FALSE
	EndGlobalSection
	GlobalSection(ExtensibilityGlobals) = postSolution
		SolutionGuid = {E33AA261-C9FA-48A0-9FB7-B136A9E5D91C}
	EndGlobalSection
EndGlobal
